
Microsoft Visual Studio Solution File, Format Version 12.00
# Visual Studio Version 16
VisualStudioVersion = 16.0.30804.86
MinimumVisualStudioVersion = 10.0.40219.1
Project("{FAE04EC0-301F-11D3-BF4B-00C04F79EFBC}") = "CSharpAcademyAsyncTestProject", "CSharpAcademyAsyncTestProject\CSharpAcademyAsyncTestProject.csproj", "{53B38CB6-1E86-42DF-A684-0CC7AD454265}"
EndProject
Global
	GlobalSection(SolutionConfigurationPlatforms) = preSolution
		Debug|Any CPU = Debug|Any CPU
		Release|Any CPU = Release|Any CPU
	EndGlobalSection
	GlobalSection(ProjectConfigurationPlatforms) = postSolution
		{53B38CB6-1E86-42DF-A684-0CC7AD454265}.Debug|Any CPU.ActiveCfg = Debug|Any CPU
		{53B38CB6-1E86-42DF-A684-0CC7AD454265}.Debug|Any CPU.Build.0 = Debug|Any CPU
		{53B38CB6-1E86-42DF-A684-0CC7AD454265}.Release|Any CPU.ActiveCfg = Release|Any CPU
		{53B38CB6-1E86-42DF-A684-0CC7AD454265}.Release|Any CPU.Build.0 = Release|Any CPU
	EndGlobalSection
	GlobalSection(SolutionProperties) = preSolution
		HideSolutionNode = FALSE
	EndGlobalSection
	GlobalSection(ExtensibilityGlobals) = postSolution
		SolutionGuid = {577AB11A-5BEB-430C-8C62-D3534EC82549}
	EndGlobalSection
EndGlobal
