
Microsoft Visual Studio Solution File, Format Version 12.00
# Visual Studio Version 17
VisualStudioVersion = 17.0.31808.319
MinimumVisualStudioVersion = 10.0.40219.1
Project("{FAE04EC0-301F-11D3-BF4B-00C04F79EFBC}") = "AsyncAwaitLessons", "AsyncAwaitLessons\AsyncAwaitLessons.csproj", "{EA57300C-6C3E-4B39-AA50-7068349707EF}"
EndProject
Project("{FAE04EC0-301F-11D3-BF4B-00C04F79EFBC}") = "PuppyKiller", "PuppyKiller\PuppyKiller.csproj", "{12A2225E-CECB-4BB6-BE0D-3BBE4080689D}"
EndProject
Global
	GlobalSection(SolutionConfigurationPlatforms) = preSolution
		Debug|Any CPU = Debug|Any CPU
		Release|Any CPU = Release|Any CPU
	EndGlobalSection
	GlobalSection(ProjectConfigurationPlatforms) = postSolution
		{EA57300C-6C3E-4B39-AA50-7068349707EF}.Debug|Any CPU.ActiveCfg = Debug|Any CPU
		{EA57300C-6C3E-4B39-AA50-7068349707EF}.Debug|Any CPU.Build.0 = Debug|Any CPU
		{EA57300C-6C3E-4B39-AA50-7068349707EF}.Release|Any CPU.ActiveCfg = Release|Any CPU
		{EA57300C-6C3E-4B39-AA50-7068349707EF}.Release|Any CPU.Build.0 = Release|Any CPU
		{12A2225E-CECB-4BB6-BE0D-3BBE4080689D}.Debug|Any CPU.ActiveCfg = Debug|Any CPU
		{12A2225E-CECB-4BB6-BE0D-3BBE4080689D}.Debug|Any CPU.Build.0 = Debug|Any CPU
		{12A2225E-CECB-4BB6-BE0D-3BBE4080689D}.Release|Any CPU.ActiveCfg = Release|Any CPU
		{12A2225E-CECB-4BB6-BE0D-3BBE4080689D}.Release|Any CPU.Build.0 = Release|Any CPU
	EndGlobalSection
	GlobalSection(SolutionProperties) = preSolution
		HideSolutionNode = FALSE
	EndGlobalSection
	GlobalSection(ExtensibilityGlobals) = postSolution
		SolutionGuid = {CCACE911-F5FC-4831-AB86-9D6AB9B90444}
	EndGlobalSection
EndGlobal
